
Microsoft Visual Studio Solution File, Format Version 12.00
# Visual Studio Version 17
VisualStudioVersion = 17.10.35004.147
MinimumVisualStudioVersion = 10.0.40219.1
Project("{FAE04EC0-301F-11D3-BF4B-00C04F79EFBC}") = "FizzBuzz", "FizzBuzz\FizzBuzz.csproj", "{BB51C125-95DF-424C-82EF-4007FA42DFF1}"
EndProject
Global
	GlobalSection(SolutionConfigurationPlatforms) = preSolution
		Debug|Any CPU = Debug|Any CPU
		Release|Any CPU = Release|Any CPU
	EndGlobalSection
	GlobalSection(ProjectConfigurationPlatforms) = postSolution
		{BB51C125-95DF-424C-82EF-4007FA42DFF1}.Debug|Any CPU.ActiveCfg = Debug|Any CPU
		{BB51C125-95DF-424C-82EF-4007FA42DFF1}.Debug|Any CPU.Build.0 = Debug|Any CPU
		{BB51C125-95DF-424C-82EF-4007FA42DFF1}.Release|Any CPU.ActiveCfg = Release|Any CPU
		{BB51C125-95DF-424C-82EF-4007FA42DFF1}.Release|Any CPU.Build.0 = Release|Any CPU
	EndGlobalSection
	GlobalSection(SolutionProperties) = preSolution
		HideSolutionNode = FALSE
	EndGlobalSection
	GlobalSection(ExtensibilityGlobals) = postSolution
		SolutionGuid = {756974A9-3E97-4ED4-8EE0-9B862375323B}
	EndGlobalSection
EndGlobal
